// !$*UTF8*$!
{
	archiveVersion = 1;
	classes = {
	};
	objectVersion = 50;
	objects = {

/* Begin PBXBuildFile section */
		591FAC9E23F4E4FE00B9EC7F /* AppDelegate.swift in Sources */ = {isa = PBXBuildFile; fileRef = 591FAC9D23F4E4FE00B9EC7F /* AppDelegate.swift */; };
		591FACA023F4E4FE00B9EC7F /* SceneDelegate.swift in Sources */ = {isa = PBXBuildFile; fileRef = 591FAC9F23F4E4FE00B9EC7F /* SceneDelegate.swift */; };
		591FACA223F4E4FE00B9EC7F /* RootViewController.swift in Sources */ = {isa = PBXBuildFile; fileRef = 591FACA123F4E4FE00B9EC7F /* RootViewController.swift */; };
		591FACA423F4E50100B9EC7F /* Assets.xcassets in Resources */ = {isa = PBXBuildFile; fileRef = 591FACA323F4E50100B9EC7F /* Assets.xcassets */; };
		591FACA723F4E50100B9EC7F /* Preview Assets.xcassets in Resources */ = {isa = PBXBuildFile; fileRef = 591FACA623F4E50100B9EC7F /* Preview Assets.xcassets */; };
		591FACAA23F4E50100B9EC7F /* LaunchScreen.storyboard in Resources */ = {isa = PBXBuildFile; fileRef = 591FACA823F4E50100B9EC7F /* LaunchScreen.storyboard */; };
		591FACB223F4E5AA00B9EC7F /* BaseCollectionViewController.swift in Sources */ = {isa = PBXBuildFile; fileRef = 591FACB123F4E5AA00B9EC7F /* BaseCollectionViewController.swift */; };
		591FACBB23F4E63800B9EC7F /* ProductStreamController.swift in Sources */ = {isa = PBXBuildFile; fileRef = 591FACBA23F4E63800B9EC7F /* ProductStreamController.swift */; };
		591FACBD23F4E66D00B9EC7F /* FullScreenController.swift in Sources */ = {isa = PBXBuildFile; fileRef = 591FACBC23F4E66D00B9EC7F /* FullScreenController.swift */; };
		591FACBF23F4E68900B9EC7F /* BarCodeController.swift in Sources */ = {isa = PBXBuildFile; fileRef = 591FACBE23F4E68900B9EC7F /* BarCodeController.swift */; };
		591FACC123F4E6A300B9EC7F /* FooterCouponController.swift in Sources */ = {isa = PBXBuildFile; fileRef = 591FACC023F4E6A300B9EC7F /* FooterCouponController.swift */; };
		591FACC623F4E73400B9EC7F /* CurbsideHeaderCell.swift in Sources */ = {isa = PBXBuildFile; fileRef = 591FACC523F4E73400B9EC7F /* CurbsideHeaderCell.swift */; };
		591FACC823F4E75F00B9EC7F /* CouponFooterCell.swift in Sources */ = {isa = PBXBuildFile; fileRef = 591FACC723F4E75F00B9EC7F /* CouponFooterCell.swift */; };
		591FACCA23F4E77800B9EC7F /* CouponCell.swift in Sources */ = {isa = PBXBuildFile; fileRef = 591FACC923F4E77800B9EC7F /* CouponCell.swift */; };
		591FACCC23F4E79E00B9EC7F /* ItemsStackView.swift in Sources */ = {isa = PBXBuildFile; fileRef = 591FACCB23F4E79E00B9EC7F /* ItemsStackView.swift */; };
		591FACCE23F4E7B400B9EC7F /* ProductCell.swift in Sources */ = {isa = PBXBuildFile; fileRef = 591FACCD23F4E7B400B9EC7F /* ProductCell.swift */; };
		591FACD023F4E7D800B9EC7F /* AdvertisementCell.swift in Sources */ = {isa = PBXBuildFile; fileRef = 591FACCF23F4E7D800B9EC7F /* AdvertisementCell.swift */; };
		591FACD223F4E7F300B9EC7F /* ProductStreamCell.swift in Sources */ = {isa = PBXBuildFile; fileRef = 591FACD123F4E7F300B9EC7F /* ProductStreamCell.swift */; };
		591FACD423F4E81F00B9EC7F /* FeaturedProductCell.swift in Sources */ = {isa = PBXBuildFile; fileRef = 591FACD323F4E81F00B9EC7F /* FeaturedProductCell.swift */; };
		591FACD723F4E85200B9EC7F /* UILabel + Inset.swift in Sources */ = {isa = PBXBuildFile; fileRef = 591FACD623F4E85200B9EC7F /* UILabel + Inset.swift */; };
		591FACD923F4E86100B9EC7F /* Extensions.swift in Sources */ = {isa = PBXBuildFile; fileRef = 591FACD823F4E86100B9EC7F /* Extensions.swift */; };
		591FACDB23F4E88800B9EC7F /* FeaturedItem.swift in Sources */ = {isa = PBXBuildFile; fileRef = 591FACDA23F4E88800B9EC7F /* FeaturedItem.swift */; };
		591FACDD23F4E8B100B9EC7F /* Product.swift in Sources */ = {isa = PBXBuildFile; fileRef = 591FACDC23F4E8B100B9EC7F /* Product.swift */; };
		591FACDF23F4E8CC00B9EC7F /* Cart.swift in Sources */ = {isa = PBXBuildFile; fileRef = 591FACDE23F4E8CC00B9EC7F /* Cart.swift */; };
		591FACE123F4E8E100B9EC7F /* CartItem.swift in Sources */ = {isa = PBXBuildFile; fileRef = 591FACE023F4E8E100B9EC7F /* CartItem.swift */; };
		591FACE323F4E8FE00B9EC7F /* DataStreams.swift in Sources */ = {isa = PBXBuildFile; fileRef = 591FACE223F4E8FE00B9EC7F /* DataStreams.swift */; };
		591FACE823F4EABF00B9EC7F /* Rubik-Light.ttf in Resources */ = {isa = PBXBuildFile; fileRef = 591FACE723F4EAB100B9EC7F /* Rubik-Light.ttf */; };
		591FACE923F4EAC200B9EC7F /* Rubik-Regular.ttf in Resources */ = {isa = PBXBuildFile; fileRef = 591FACE623F4EAAA00B9EC7F /* Rubik-Regular.ttf */; };
		591FACEA23F4EAC500B9EC7F /* Rubik-Medium.ttf in Resources */ = {isa = PBXBuildFile; fileRef = 591FACE523F4EAA200B9EC7F /* Rubik-Medium.ttf */; };
		591FACEC23F4EB8000B9EC7F /* trees2.png in Resources */ = {isa = PBXBuildFile; fileRef = 591FACEB23F4EB8000B9EC7F /* trees2.png */; };
		59DEA0A623F503100091C42B /* ThriveMart3.png in Resources */ = {isa = PBXBuildFile; fileRef = 59DEA0A523F503100091C42B /* ThriveMart3.png */; };
		59DEA0A823F503150091C42B /* ThriveMart2.png in Resources */ = {isa = PBXBuildFile; fileRef = 59DEA0A723F503150091C42B /* ThriveMart2.png */; };
		59DEA0AA23F5031A0091C42B /* ThriveMart1.png in Resources */ = {isa = PBXBuildFile; fileRef = 59DEA0A923F5031A0091C42B /* ThriveMart1.png */; };
		59DEA0AC23F503920091C42B /* README.md in Resources */ = {isa = PBXBuildFile; fileRef = 59DEA0AB23F503920091C42B /* README.md */; };
/* End PBXBuildFile section */

/* Begin PBXFileReference section */
		591FAC9A23F4E4FE00B9EC7F /* ThriveMart.ArriagaDemo.app */ = {isa = PBXFileReference; explicitFileType = wrapper.application; includeInIndex = 0; path = ThriveMart.ArriagaDemo.app; sourceTree = BUILT_PRODUCTS_DIR; };
		591FAC9D23F4E4FE00B9EC7F /* AppDelegate.swift */ = {isa = PBXFileReference; lastKnownFileType = sourcecode.swift; path = AppDelegate.swift; sourceTree = "<group>"; };
		591FAC9F23F4E4FE00B9EC7F /* SceneDelegate.swift */ = {isa = PBXFileReference; lastKnownFileType = sourcecode.swift; path = SceneDelegate.swift; sourceTree = "<group>"; };
		591FACA123F4E4FE00B9EC7F /* RootViewController.swift */ = {isa = PBXFileReference; lastKnownFileType = sourcecode.swift; path = RootViewController.swift; sourceTree = "<group>"; };
		591FACA323F4E50100B9EC7F /* Assets.xcassets */ = {isa = PBXFileReference; lastKnownFileType = folder.assetcatalog; path = Assets.xcassets; sourceTree = "<group>"; };
		591FACA623F4E50100B9EC7F /* Preview Assets.xcassets */ = {isa = PBXFileReference; lastKnownFileType = folder.assetcatalog; path = "Preview Assets.xcassets"; sourceTree = "<group>"; };
		591FACA923F4E50100B9EC7F /* Base */ = {isa = PBXFileReference; lastKnownFileType = file.storyboard; name = Base; path = Base.lproj/LaunchScreen.storyboard; sourceTree = "<group>"; };
		591FACAB23F4E50100B9EC7F /* Info.plist */ = {isa = PBXFileReference; lastKnownFileType = text.plist.xml; path = Info.plist; sourceTree = "<group>"; };
		591FACB123F4E5AA00B9EC7F /* BaseCollectionViewController.swift */ = {isa = PBXFileReference; lastKnownFileType = sourcecode.swift; path = BaseCollectionViewController.swift; sourceTree = "<group>"; };
		591FACBA23F4E63800B9EC7F /* ProductStreamController.swift */ = {isa = PBXFileReference; lastKnownFileType = sourcecode.swift; path = ProductStreamController.swift; sourceTree = "<group>"; };
		591FACBC23F4E66D00B9EC7F /* FullScreenController.swift */ = {isa = PBXFileReference; lastKnownFileType = sourcecode.swift; path = FullScreenController.swift; sourceTree = "<group>"; };
		591FACBE23F4E68900B9EC7F /* BarCodeController.swift */ = {isa = PBXFileReference; lastKnownFileType = sourcecode.swift; path = BarCodeController.swift; sourceTree = "<group>"; };
		591FACC023F4E6A300B9EC7F /* FooterCouponController.swift */ = {isa = PBXFileReference; lastKnownFileType = sourcecode.swift; path = FooterCouponController.swift; sourceTree = "<group>"; };
		591FACC523F4E73400B9EC7F /* CurbsideHeaderCell.swift */ = {isa = PBXFileReference; lastKnownFileType = sourcecode.swift; path = CurbsideHeaderCell.swift; sourceTree = "<group>"; };
		591FACC723F4E75F00B9EC7F /* CouponFooterCell.swift */ = {isa = PBXFileReference; lastKnownFileType = sourcecode.swift; path = CouponFooterCell.swift; sourceTree = "<group>"; };
		591FACC923F4E77800B9EC7F /* CouponCell.swift */ = {isa = PBXFileReference; lastKnownFileType = sourcecode.swift; path = CouponCell.swift; sourceTree = "<group>"; };
		591FACCB23F4E79E00B9EC7F /* ItemsStackView.swift */ = {isa = PBXFileReference; lastKnownFileType = sourcecode.swift; path = ItemsStackView.swift; sourceTree = "<group>"; };
		591FACCD23F4E7B400B9EC7F /* ProductCell.swift */ = {isa = PBXFileReference; lastKnownFileType = sourcecode.swift; path = ProductCell.swift; sourceTree = "<group>"; };
		591FACCF23F4E7D800B9EC7F /* AdvertisementCell.swift */ = {isa = PBXFileReference; lastKnownFileType = sourcecode.swift; path = AdvertisementCell.swift; sourceTree = "<group>"; };
		591FACD123F4E7F300B9EC7F /* ProductStreamCell.swift */ = {isa = PBXFileReference; lastKnownFileType = sourcecode.swift; path = ProductStreamCell.swift; sourceTree = "<group>"; };
		591FACD323F4E81F00B9EC7F /* FeaturedProductCell.swift */ = {isa = PBXFileReference; lastKnownFileType = sourcecode.swift; path = FeaturedProductCell.swift; sourceTree = "<group>"; };
		591FACD623F4E85200B9EC7F /* UILabel + Inset.swift */ = {isa = PBXFileReference; lastKnownFileType = sourcecode.swift; path = "UILabel + Inset.swift"; sourceTree = "<group>"; };
		591FACD823F4E86100B9EC7F /* Extensions.swift */ = {isa = PBXFileReference; lastKnownFileType = sourcecode.swift; path = Extensions.swift; sourceTree = "<group>"; };
		591FACDA23F4E88800B9EC7F /* FeaturedItem.swift */ = {isa = PBXFileReference; lastKnownFileType = sourcecode.swift; path = FeaturedItem.swift; sourceTree = "<group>"; };
		591FACDC23F4E8B100B9EC7F /* Product.swift */ = {isa = PBXFileReference; lastKnownFileType = sourcecode.swift; path = Product.swift; sourceTree = "<group>"; };
		591FACDE23F4E8CC00B9EC7F /* Cart.swift */ = {isa = PBXFileReference; lastKnownFileType = sourcecode.swift; path = Cart.swift; sourceTree = "<group>"; };
		591FACE023F4E8E100B9EC7F /* CartItem.swift */ = {isa = PBXFileReference; lastKnownFileType = sourcecode.swift; path = CartItem.swift; sourceTree = "<group>"; };
		591FACE223F4E8FE00B9EC7F /* DataStreams.swift */ = {isa = PBXFileReference; lastKnownFileType = sourcecode.swift; path = DataStreams.swift; sourceTree = "<group>"; };
		591FACE523F4EAA200B9EC7F /* Rubik-Medium.ttf */ = {isa = PBXFileReference; lastKnownFileType = file; path = "Rubik-Medium.ttf"; sourceTree = "<group>"; };
		591FACE623F4EAAA00B9EC7F /* Rubik-Regular.ttf */ = {isa = PBXFileReference; lastKnownFileType = file; path = "Rubik-Regular.ttf"; sourceTree = "<group>"; };
		591FACE723F4EAB100B9EC7F /* Rubik-Light.ttf */ = {isa = PBXFileReference; lastKnownFileType = file; path = "Rubik-Light.ttf"; sourceTree = "<group>"; };
		591FACEB23F4EB8000B9EC7F /* trees2.png */ = {isa = PBXFileReference; lastKnownFileType = image.png; path = trees2.png; sourceTree = "<group>"; };
		59DEA0A523F503100091C42B /* ThriveMart3.png */ = {isa = PBXFileReference; lastKnownFileType = image.png; path = ThriveMart3.png; sourceTree = "<group>"; };
		59DEA0A723F503150091C42B /* ThriveMart2.png */ = {isa = PBXFileReference; lastKnownFileType = image.png; path = ThriveMart2.png; sourceTree = "<group>"; };
		59DEA0A923F5031A0091C42B /* ThriveMart1.png */ = {isa = PBXFileReference; lastKnownFileType = image.png; path = ThriveMart1.png; sourceTree = "<group>"; };
		59DEA0AB23F503920091C42B /* README.md */ = {isa = PBXFileReference; fileEncoding = 4; lastKnownFileType = net.daringfireball.markdown; path = README.md; sourceTree = "<group>"; };
/* End PBXFileReference section */

/* Begin PBXFrameworksBuildPhase section */
		591FAC9723F4E4FE00B9EC7F /* Frameworks */ = {
			isa = PBXFrameworksBuildPhase;
			buildActionMask = 2147483647;
			files = (
			);
			runOnlyForDeploymentPostprocessing = 0;
		};
/* End PBXFrameworksBuildPhase section */

/* Begin PBXGroup section */
		591FAC9123F4E4FE00B9EC7F = {
			isa = PBXGroup;
			children = (
				59DEA0AB23F503920091C42B /* README.md */,
				591FAC9C23F4E4FE00B9EC7F /* ThriveMart.ArriagaDemo */,
				591FAC9B23F4E4FE00B9EC7F /* Products */,
			);
			sourceTree = "<group>";
		};
		591FAC9B23F4E4FE00B9EC7F /* Products */ = {
			isa = PBXGroup;
			children = (
				591FAC9A23F4E4FE00B9EC7F /* ThriveMart.ArriagaDemo.app */,
			);
			name = Products;
			sourceTree = "<group>";
		};
		591FAC9C23F4E4FE00B9EC7F /* ThriveMart.ArriagaDemo */ = {
			isa = PBXGroup;
			children = (
				591FACE423F4EA8200B9EC7F /* Fonts */,
				591FACD523F4E84100B9EC7F /* Helpers */,
				591FACB623F4E5E400B9EC7F /* Data */,
				591FACB423F4E5D900B9EC7F /* Models */,
				591FACB523F4E5DF00B9EC7F /* VIews */,
				591FACB323F4E5D200B9EC7F /* Controllers */,
				591FACEB23F4EB8000B9EC7F /* trees2.png */,
				591FAC9D23F4E4FE00B9EC7F /* AppDelegate.swift */,
				591FAC9F23F4E4FE00B9EC7F /* SceneDelegate.swift */,
				591FACA323F4E50100B9EC7F /* Assets.xcassets */,
				59DEA0A423F502E20091C42B /* ScreenShots */,
				591FACA823F4E50100B9EC7F /* LaunchScreen.storyboard */,
				591FACAB23F4E50100B9EC7F /* Info.plist */,
				591FACA523F4E50100B9EC7F /* Preview Content */,
			);
			path = ThriveMart.ArriagaDemo;
			sourceTree = "<group>";
		};
		591FACA523F4E50100B9EC7F /* Preview Content */ = {
			isa = PBXGroup;
			children = (
				591FACA623F4E50100B9EC7F /* Preview Assets.xcassets */,
			);
			path = "Preview Content";
			sourceTree = "<group>";
		};
		591FACB323F4E5D200B9EC7F /* Controllers */ = {
			isa = PBXGroup;
			children = (
				591FACB923F4E62500B9EC7F /* Footer */,
				591FACB823F4E61E00B9EC7F /* FeaturedProduct */,
				591FACB723F4E60F00B9EC7F /* ProductStream */,
				591FACB123F4E5AA00B9EC7F /* BaseCollectionViewController.swift */,
				591FACA123F4E4FE00B9EC7F /* RootViewController.swift */,
			);
			path = Controllers;
			sourceTree = "<group>";
		};
		591FACB423F4E5D900B9EC7F /* Models */ = {
			isa = PBXGroup;
			children = (
				591FACDA23F4E88800B9EC7F /* FeaturedItem.swift */,
				591FACDC23F4E8B100B9EC7F /* Product.swift */,
				591FACDE23F4E8CC00B9EC7F /* Cart.swift */,
				591FACE023F4E8E100B9EC7F /* CartItem.swift */,
			);
			path = Models;
			sourceTree = "<group>";
		};
		591FACB523F4E5DF00B9EC7F /* VIews */ = {
			isa = PBXGroup;
			children = (
				591FACC223F4E6EC00B9EC7F /* Header and Footer */,
				591FACC323F4E6F900B9EC7F /* ProductStream */,
				591FACC423F4E70400B9EC7F /* FeaturedProductCell */,
			);
			path = VIews;
			sourceTree = "<group>";
		};
		591FACB623F4E5E400B9EC7F /* Data */ = {
			isa = PBXGroup;
			children = (
				591FACE223F4E8FE00B9EC7F /* DataStreams.swift */,
			);
			path = Data;
			sourceTree = "<group>";
		};
		591FACB723F4E60F00B9EC7F /* ProductStream */ = {
			isa = PBXGroup;
			children = (
				591FACBA23F4E63800B9EC7F /* ProductStreamController.swift */,
			);
			path = ProductStream;
			sourceTree = "<group>";
		};
		591FACB823F4E61E00B9EC7F /* FeaturedProduct */ = {
			isa = PBXGroup;
			children = (
				591FACBC23F4E66D00B9EC7F /* FullScreenController.swift */,
			);
			path = FeaturedProduct;
			sourceTree = "<group>";
		};
		591FACB923F4E62500B9EC7F /* Footer */ = {
			isa = PBXGroup;
			children = (
				591FACBE23F4E68900B9EC7F /* BarCodeController.swift */,
				591FACC023F4E6A300B9EC7F /* FooterCouponController.swift */,
			);
			path = Footer;
			sourceTree = "<group>";
		};
		591FACC223F4E6EC00B9EC7F /* Header and Footer */ = {
			isa = PBXGroup;
			children = (
				591FACC523F4E73400B9EC7F /* CurbsideHeaderCell.swift */,
				591FACC723F4E75F00B9EC7F /* CouponFooterCell.swift */,
				591FACC923F4E77800B9EC7F /* CouponCell.swift */,
			);
			path = "Header and Footer";
			sourceTree = "<group>";
		};
		591FACC323F4E6F900B9EC7F /* ProductStream */ = {
			isa = PBXGroup;
			children = (
				591FACCB23F4E79E00B9EC7F /* ItemsStackView.swift */,
				591FACCD23F4E7B400B9EC7F /* ProductCell.swift */,
				591FACCF23F4E7D800B9EC7F /* AdvertisementCell.swift */,
				591FACD123F4E7F300B9EC7F /* ProductStreamCell.swift */,
			);
			path = ProductStream;
			sourceTree = "<group>";
		};
		591FACC423F4E70400B9EC7F /* FeaturedProductCell */ = {
			isa = PBXGroup;
			children = (
				591FACD323F4E81F00B9EC7F /* FeaturedProductCell.swift */,
			);
			path = FeaturedProductCell;
			sourceTree = "<group>";
		};
		591FACD523F4E84100B9EC7F /* Helpers */ = {
			isa = PBXGroup;
			children = (
				591FACD623F4E85200B9EC7F /* UILabel + Inset.swift */,
				591FACD823F4E86100B9EC7F /* Extensions.swift */,
			);
			path = Helpers;
			sourceTree = "<group>";
		};
		591FACE423F4EA8200B9EC7F /* Fonts */ = {
			isa = PBXGroup;
			children = (
				591FACE723F4EAB100B9EC7F /* Rubik-Light.ttf */,
				591FACE623F4EAAA00B9EC7F /* Rubik-Regular.ttf */,
				591FACE523F4EAA200B9EC7F /* Rubik-Medium.ttf */,
			);
			path = Fonts;
			sourceTree = "<group>";
		};
		59DEA0A423F502E20091C42B /* ScreenShots */ = {
			isa = PBXGroup;
			children = (
				59DEA0A923F5031A0091C42B /* ThriveMart1.png */,
				59DEA0A723F503150091C42B /* ThriveMart2.png */,
				59DEA0A523F503100091C42B /* ThriveMart3.png */,
			);
			path = ScreenShots;
			sourceTree = "<group>";
		};
/* End PBXGroup section */

/* Begin PBXNativeTarget section */
		591FAC9923F4E4FE00B9EC7F /* ThriveMart.ArriagaDemo */ = {
			isa = PBXNativeTarget;
			buildConfigurationList = 591FACAE23F4E50100B9EC7F /* Build configuration list for PBXNativeTarget "ThriveMart.ArriagaDemo" */;
			buildPhases = (
				591FAC9623F4E4FE00B9EC7F /* Sources */,
				591FAC9723F4E4FE00B9EC7F /* Frameworks */,
				591FAC9823F4E4FE00B9EC7F /* Resources */,
			);
			buildRules = (
			);
			dependencies = (
			);
			name = ThriveMart.ArriagaDemo;
			productName = ThriveMart.ArriagaDemo;
			productReference = 591FAC9A23F4E4FE00B9EC7F /* ThriveMart.ArriagaDemo.app */;
			productType = "com.apple.product-type.application";
		};
/* End PBXNativeTarget section */

/* Begin PBXProject section */
		591FAC9223F4E4FE00B9EC7F /* Project object */ = {
			isa = PBXProject;
			attributes = {
				LastSwiftUpdateCheck = 1130;
				LastUpgradeCheck = 1130;
				ORGANIZATIONNAME = ArturoArriaga.IO;
				TargetAttributes = {
					591FAC9923F4E4FE00B9EC7F = {
						CreatedOnToolsVersion = 11.3.1;
					};
				};
			};
			buildConfigurationList = 591FAC9523F4E4FE00B9EC7F /* Build configuration list for PBXProject "ThriveMart.ArriagaDemo" */;
			compatibilityVersion = "Xcode 9.3";
			developmentRegion = en;
			hasScannedForEncodings = 0;
			knownRegions = (
				en,
				Base,
			);
			mainGroup = 591FAC9123F4E4FE00B9EC7F;
			productRefGroup = 591FAC9B23F4E4FE00B9EC7F /* Products */;
			projectDirPath = "";
			projectRoot = "";
			targets = (
				591FAC9923F4E4FE00B9EC7F /* ThriveMart.ArriagaDemo */,
			);
		};
/* End PBXProject section */

/* Begin PBXResourcesBuildPhase section */
		591FAC9823F4E4FE00B9EC7F /* Resources */ = {
			isa = PBXResourcesBuildPhase;
			buildActionMask = 2147483647;
			files = (
				591FACAA23F4E50100B9EC7F /* LaunchScreen.storyboard in Resources */,
				591FACE823F4EABF00B9EC7F /* Rubik-Light.ttf in Resources */,
				591FACEC23F4EB8000B9EC7F /* trees2.png in Resources */,
				59DEA0A623F503100091C42B /* ThriveMart3.png in Resources */,
				591FACA723F4E50100B9EC7F /* Preview Assets.xcassets in Resources */,
				59DEA0A823F503150091C42B /* ThriveMart2.png in Resources */,
				59DEA0AA23F5031A0091C42B /* ThriveMart1.png in Resources */,
				591FACEA23F4EAC500B9EC7F /* Rubik-Medium.ttf in Resources */,
				591FACE923F4EAC200B9EC7F /* Rubik-Regular.ttf in Resources */,
				59DEA0AC23F503920091C42B /* README.md in Resources */,
				591FACA423F4E50100B9EC7F /* Assets.xcassets in Resources */,
			);
			runOnlyForDeploymentPostprocessing = 0;
		};
/* End PBXResourcesBuildPhase section */

/* Begin PBXSourcesBuildPhase section */
		591FAC9623F4E4FE00B9EC7F /* Sources */ = {
			isa = PBXSourcesBuildPhase;
			buildActionMask = 2147483647;
			files = (
				591FACBD23F4E66D00B9EC7F /* FullScreenController.swift in Sources */,
				591FACD923F4E86100B9EC7F /* Extensions.swift in Sources */,
				591FACE123F4E8E100B9EC7F /* CartItem.swift in Sources */,
				591FACD023F4E7D800B9EC7F /* AdvertisementCell.swift in Sources */,
				591FACDB23F4E88800B9EC7F /* FeaturedItem.swift in Sources */,
				591FACD723F4E85200B9EC7F /* UILabel + Inset.swift in Sources */,
				591FACD223F4E7F300B9EC7F /* ProductStreamCell.swift in Sources */,
				591FAC9E23F4E4FE00B9EC7F /* AppDelegate.swift in Sources */,
				591FACCA23F4E77800B9EC7F /* CouponCell.swift in Sources */,
				591FACD423F4E81F00B9EC7F /* FeaturedProductCell.swift in Sources */,
				591FACE323F4E8FE00B9EC7F /* DataStreams.swift in Sources */,
				591FACBF23F4E68900B9EC7F /* BarCodeController.swift in Sources */,
				591FACDF23F4E8CC00B9EC7F /* Cart.swift in Sources */,
				591FACCE23F4E7B400B9EC7F /* ProductCell.swift in Sources */,
				591FACA023F4E4FE00B9EC7F /* SceneDelegate.swift in Sources */,
				591FACC823F4E75F00B9EC7F /* CouponFooterCell.swift in Sources */,
				591FACC623F4E73400B9EC7F /* CurbsideHeaderCell.swift in Sources */,
				591FACA223F4E4FE00B9EC7F /* RootViewController.swift in Sources */,
				591FACBB23F4E63800B9EC7F /* ProductStreamController.swift in Sources */,
				591FACC123F4E6A300B9EC7F /* FooterCouponController.swift in Sources */,
				591FACDD23F4E8B100B9EC7F /* Product.swift in Sources */,
				591FACCC23F4E79E00B9EC7F /* ItemsStackView.swift in Sources */,
				591FACB223F4E5AA00B9EC7F /* BaseCollectionViewController.swift in Sources */,
			);
			runOnlyForDeploymentPostprocessing = 0;
		};
/* End PBXSourcesBuildPhase section */

/* Begin PBXVariantGroup section */
		591FACA823F4E50100B9EC7F /* LaunchScreen.storyboard */ = {
			isa = PBXVariantGroup;
			children = (
				591FACA923F4E50100B9EC7F /* Base */,
			);
			name = LaunchScreen.storyboard;
			sourceTree = "<group>";
		};
/* End PBXVariantGroup section */

/* Begin XCBuildConfiguration section */
		591FACAC23F4E50100B9EC7F /* Debug */ = {
			isa = XCBuildConfiguration;
			buildSettings = {
				ALWAYS_SEARCH_USER_PATHS = NO;
				CLANG_ANALYZER_NONNULL = YES;
				CLANG_ANALYZER_NUMBER_OBJECT_CONVERSION = YES_AGGRESSIVE;
				CLANG_CXX_LANGUAGE_STANDARD = "gnu++14";
				CLANG_CXX_LIBRARY = "libc++";
				CLANG_ENABLE_MODULES = YES;
				CLANG_ENABLE_OBJC_ARC = YES;
				CLANG_ENABLE_OBJC_WEAK = YES;
				CLANG_WARN_BLOCK_CAPTURE_AUTORELEASING = YES;
				CLANG_WARN_BOOL_CONVERSION = YES;
				CLANG_WARN_COMMA = YES;
				CLANG_WARN_CONSTANT_CONVERSION = YES;
				CLANG_WARN_DEPRECATED_OBJC_IMPLEMENTATIONS = YES;
				CLANG_WARN_DIRECT_OBJC_ISA_USAGE = YES_ERROR;
				CLANG_WARN_DOCUMENTATION_COMMENTS = YES;
				CLANG_WARN_EMPTY_BODY = YES;
				CLANG_WARN_ENUM_CONVERSION = YES;
				CLANG_WARN_INFINITE_RECURSION = YES;
				CLANG_WARN_INT_CONVERSION = YES;
				CLANG_WARN_NON_LITERAL_NULL_CONVERSION = YES;
				CLANG_WARN_OBJC_IMPLICIT_RETAIN_SELF = YES;
				CLANG_WARN_OBJC_LITERAL_CONVERSION = YES;
				CLANG_WARN_OBJC_ROOT_CLASS = YES_ERROR;
				CLANG_WARN_RANGE_LOOP_ANALYSIS = YES;
				CLANG_WARN_STRICT_PROTOTYPES = YES;
				CLANG_WARN_SUSPICIOUS_MOVE = YES;
				CLANG_WARN_UNGUARDED_AVAILABILITY = YES_AGGRESSIVE;
				CLANG_WARN_UNREACHABLE_CODE = YES;
				CLANG_WARN__DUPLICATE_METHOD_MATCH = YES;
				COPY_PHASE_STRIP = NO;
				DEBUG_INFORMATION_FORMAT = dwarf;
				ENABLE_STRICT_OBJC_MSGSEND = YES;
				ENABLE_TESTABILITY = YES;
				GCC_C_LANGUAGE_STANDARD = gnu11;
				GCC_DYNAMIC_NO_PIC = NO;
				GCC_NO_COMMON_BLOCKS = YES;
				GCC_OPTIMIZATION_LEVEL = 0;
				GCC_PREPROCESSOR_DEFINITIONS = (
					"DEBUG=1",
					"$(inherited)",
				);
				GCC_WARN_64_TO_32_BIT_CONVERSION = YES;
				GCC_WARN_ABOUT_RETURN_TYPE = YES_ERROR;
				GCC_WARN_UNDECLARED_SELECTOR = YES;
				GCC_WARN_UNINITIALIZED_AUTOS = YES_AGGRESSIVE;
				GCC_WARN_UNUSED_FUNCTION = YES;
				GCC_WARN_UNUSED_VARIABLE = YES;
				IPHONEOS_DEPLOYMENT_TARGET = 13.2;
				MTL_ENABLE_DEBUG_INFO = INCLUDE_SOURCE;
				MTL_FAST_MATH = YES;
				ONLY_ACTIVE_ARCH = YES;
				SDKROOT = iphoneos;
				SWIFT_ACTIVE_COMPILATION_CONDITIONS = DEBUG;
				SWIFT_OPTIMIZATION_LEVEL = "-Onone";
			};
			name = Debug;
		};
		591FACAD23F4E50100B9EC7F /* Release */ = {
			isa = XCBuildConfiguration;
			buildSettings = {
				ALWAYS_SEARCH_USER_PATHS = NO;
				CLANG_ANALYZER_NONNULL = YES;
				CLANG_ANALYZER_NUMBER_OBJECT_CONVERSION = YES_AGGRESSIVE;
				CLANG_CXX_LANGUAGE_STANDARD = "gnu++14";
				CLANG_CXX_LIBRARY = "libc++";
				CLANG_ENABLE_MODULES = YES;
				CLANG_ENABLE_OBJC_ARC = YES;
				CLANG_ENABLE_OBJC_WEAK = YES;
				CLANG_WARN_BLOCK_CAPTURE_AUTORELEASING = YES;
				CLANG_WARN_BOOL_CONVERSION = YES;
				CLANG_WARN_COMMA = YES;
				CLANG_WARN_CONSTANT_CONVERSION = YES;
				CLANG_WARN_DEPRECATED_OBJC_IMPLEMENTATIONS = YES;
				CLANG_WARN_DIRECT_OBJC_ISA_USAGE = YES_ERROR;
				CLANG_WARN_DOCUMENTATION_COMMENTS = YES;
				CLANG_WARN_EMPTY_BODY = YES;
				CLANG_WARN_ENUM_CONVERSION = YES;
				CLANG_WARN_INFINITE_RECURSION = YES;
				CLANG_WARN_INT_CONVERSION = YES;
				CLANG_WARN_NON_LITERAL_NULL_CONVERSION = YES;
				CLANG_WARN_OBJC_IMPLICIT_RETAIN_SELF = YES;
				CLANG_WARN_OBJC_LITERAL_CONVERSION = YES;
				CLANG_WARN_OBJC_ROOT_CLASS = YES_ERROR;
				CLANG_WARN_RANGE_LOOP_ANALYSIS = YES;
				CLANG_WARN_STRICT_PROTOTYPES = YES;
				CLANG_WARN_SUSPICIOUS_MOVE = YES;
				CLANG_WARN_UNGUARDED_AVAILABILITY = YES_AGGRESSIVE;
				CLANG_WARN_UNREACHABLE_CODE = YES;
				CLANG_WARN__DUPLICATE_METHOD_MATCH = YES;
				COPY_PHASE_STRIP = NO;
				DEBUG_INFORMATION_FORMAT = "dwarf-with-dsym";
				ENABLE_NS_ASSERTIONS = NO;
				ENABLE_STRICT_OBJC_MSGSEND = YES;
				GCC_C_LANGUAGE_STANDARD = gnu11;
				GCC_NO_COMMON_BLOCKS = YES;
				GCC_WARN_64_TO_32_BIT_CONVERSION = YES;
				GCC_WARN_ABOUT_RETURN_TYPE = YES_ERROR;
				GCC_WARN_UNDECLARED_SELECTOR = YES;
				GCC_WARN_UNINITIALIZED_AUTOS = YES_AGGRESSIVE;
				GCC_WARN_UNUSED_FUNCTION = YES;
				GCC_WARN_UNUSED_VARIABLE = YES;
				IPHONEOS_DEPLOYMENT_TARGET = 13.2;
				MTL_ENABLE_DEBUG_INFO = NO;
				MTL_FAST_MATH = YES;
				SDKROOT = iphoneos;
				SWIFT_COMPILATION_MODE = wholemodule;
				SWIFT_OPTIMIZATION_LEVEL = "-O";
				VALIDATE_PRODUCT = YES;
			};
			name = Release;
		};
		591FACAF23F4E50100B9EC7F /* Debug */ = {
			isa = XCBuildConfiguration;
			buildSettings = {
				ASSETCATALOG_COMPILER_APPICON_NAME = AppIcon;
				CODE_SIGN_STYLE = Automatic;
				DEVELOPMENT_ASSET_PATHS = "\"ThriveMart.ArriagaDemo/Preview Content\"";
				ENABLE_PREVIEWS = YES;
				INFOPLIST_FILE = ThriveMart.ArriagaDemo/Info.plist;
				LD_RUNPATH_SEARCH_PATHS = (
					"$(inherited)",
					"@executable_path/Frameworks",
				);
				PRODUCT_BUNDLE_IDENTIFIER = "Arriaga.IO.ThriveMart-ArriagaDemo";
				PRODUCT_NAME = "$(TARGET_NAME)";
				SWIFT_VERSION = 5.0;
				TARGETED_DEVICE_FAMILY = "1,2";
			};
			name = Debug;
		};
		591FACB023F4E50100B9EC7F /* Release */ = {
			isa = XCBuildConfiguration;
			buildSettings = {
				ASSETCATALOG_COMPILER_APPICON_NAME = AppIcon;
				CODE_SIGN_STYLE = Automatic;
				DEVELOPMENT_ASSET_PATHS = "\"ThriveMart.ArriagaDemo/Preview Content\"";
				ENABLE_PREVIEWS = YES;
				INFOPLIST_FILE = ThriveMart.ArriagaDemo/Info.plist;
				LD_RUNPATH_SEARCH_PATHS = (
					"$(inherited)",
					"@executable_path/Frameworks",
				);
				PRODUCT_BUNDLE_IDENTIFIER = "Arriaga.IO.ThriveMart-ArriagaDemo";
				PRODUCT_NAME = "$(TARGET_NAME)";
				SWIFT_VERSION = 5.0;
				TARGETED_DEVICE_FAMILY = "1,2";
			};
			name = Release;
		};
/* End XCBuildConfiguration section */

/* Begin XCConfigurationList section */
		591FAC9523F4E4FE00B9EC7F /* Build configuration list for PBXProject "ThriveMart.ArriagaDemo" */ = {
			isa = XCConfigurationList;
			buildConfigurations = (
				591FACAC23F4E50100B9EC7F /* Debug */,
				591FACAD23F4E50100B9EC7F /* Release */,
			);
			defaultConfigurationIsVisible = 0;
			defaultConfigurationName = Release;
		};
		591FACAE23F4E50100B9EC7F /* Build configuration list for PBXNativeTarget "ThriveMart.ArriagaDemo" */ = {
			isa = XCConfigurationList;
			buildConfigurations = (
				591FACAF23F4E50100B9EC7F /* Debug */,
				591FACB023F4E50100B9EC7F /* Release */,
			);
			defaultConfigurationIsVisible = 0;
			defaultConfigurationName = Release;
		};
/* End XCConfigurationList section */
	};
	rootObject = 591FAC9223F4E4FE00B9EC7F /* Project object */;
}
